// !$*UTF8*$!
{
	archiveVersion = 1;
	classes = {
	};
	objectVersion = 55;
	objects = {

/* Begin PBXBuildFile section */
		AB41D7C42882DA300000B853 /* petslistApp.swift in Sources */ = {isa = PBXBuildFile; fileRef = AB41D7C32882DA300000B853 /* petslistApp.swift */; };
		AB41D7C62882DA300000B853 /* ContentView.swift in Sources */ = {isa = PBXBuildFile; fileRef = AB41D7C52882DA300000B853 /* ContentView.swift */; };
		AB41D7C82882DA340000B853 /* Assets.xcassets in Resources */ = {isa = PBXBuildFile; fileRef = AB41D7C72882DA340000B853 /* Assets.xcassets */; };
		AB41D7CB2882DA340000B853 /* Preview Assets.xcassets in Resources */ = {isa = PBXBuildFile; fileRef = AB41D7CA2882DA340000B853 /* Preview Assets.xcassets */; };
		AB41D7D52882DA340000B853 /* petslistTests.swift in Sources */ = {isa = PBXBuildFile; fileRef = AB41D7D42882DA340000B853 /* petslistTests.swift */; };
/* End PBXBuildFile section */

/* Begin PBXContainerItemProxy section */
		AB41D7D12882DA340000B853 /* PBXContainerItemProxy */ = {
			isa = PBXContainerItemProxy;
			containerPortal = AB41D7B82882DA300000B853 /* Project object */;
			proxyType = 1;
			remoteGlobalIDString = AB41D7BF2882DA300000B853;
			remoteInfo = petslist;
		};
/* End PBXContainerItemProxy section */

/* Begin PBXFileReference section */
		AB41D7C02882DA300000B853 /* Pets list.app */ = {isa = PBXFileReference; explicitFileType = wrapper.application; includeInIndex = 0; path = "Pets list.app"; sourceTree = BUILT_PRODUCTS_DIR; };
		AB41D7C32882DA300000B853 /* petslistApp.swift */ = {isa = PBXFileReference; lastKnownFileType = sourcecode.swift; path = petslistApp.swift; sourceTree = "<group>"; };
		AB41D7C52882DA300000B853 /* ContentView.swift */ = {isa = PBXFileReference; lastKnownFileType = sourcecode.swift; path = ContentView.swift; sourceTree = "<group>"; };
		AB41D7C72882DA340000B853 /* Assets.xcassets */ = {isa = PBXFileReference; lastKnownFileType = folder.assetcatalog; path = Assets.xcassets; sourceTree = "<group>"; };
		AB41D7CA2882DA340000B853 /* Preview Assets.xcassets */ = {isa = PBXFileReference; lastKnownFileType = folder.assetcatalog; path = "Preview Assets.xcassets"; sourceTree = "<group>"; };
		AB41D7D02882DA340000B853 /* petslistTests.xctest */ = {isa = PBXFileReference; explicitFileType = wrapper.cfbundle; includeInIndex = 0; path = petslistTests.xctest; sourceTree = BUILT_PRODUCTS_DIR; };
		AB41D7D42882DA340000B853 /* petslistTests.swift */ = {isa = PBXFileReference; lastKnownFileType = sourcecode.swift; path = petslistTests.swift; sourceTree = "<group>"; };
		AB41D7ED2882DFD50000B853 /* Info.plist */ = {isa = PBXFileReference; lastKnownFileType = text.plist; path = Info.plist; sourceTree = "<group>"; };
/* End PBXFileReference section */

/* Begin PBXFrameworksBuildPhase section */
		AB41D7BD2882DA300000B853 /* Frameworks */ = {
			isa = PBXFrameworksBuildPhase;
			buildActionMask = 2147483647;
			files = (
			);
			runOnlyForDeploymentPostprocessing = 0;
		};
		AB41D7CD2882DA340000B853 /* Frameworks */ = {
			isa = PBXFrameworksBuildPhase;
			buildActionMask = 2147483647;
			files = (
			);
			runOnlyForDeploymentPostprocessing = 0;
		};
/* End PBXFrameworksBuildPhase section */

/* Begin PBXGroup section */
		AB41D7B72882DA300000B853 = {
			isa = PBXGroup;
			children = (
				AB41D7C22882DA300000B853 /* petslist */,
				AB41D7D32882DA340000B853 /* petslistTests */,
				AB41D7C12882DA300000B853 /* Products */,
			);
			sourceTree = "<group>";
		};
		AB41D7C12882DA300000B853 /* Products */ = {
			isa = PBXGroup;
			children = (
				AB41D7C02882DA300000B853 /* Pets list.app */,
				AB41D7D02882DA340000B853 /* petslistTests.xctest */,
			);
			name = Products;
			sourceTree = "<group>";
		};
		AB41D7C22882DA300000B853 /* petslist */ = {
			isa = PBXGroup;
			children = (
				AB41D7ED2882DFD50000B853 /* Info.plist */,
				AB41D7C32882DA300000B853 /* petslistApp.swift */,
				AB41D7C52882DA300000B853 /* ContentView.swift */,
				AB41D7C72882DA340000B853 /* Assets.xcassets */,
				AB41D7C92882DA340000B853 /* Preview Content */,
			);
			path = petslist;
			sourceTree = "<group>";
		};
		AB41D7C92882DA340000B853 /* Preview Content */ = {
			isa = PBXGroup;
			children = (
				AB41D7CA2882DA340000B853 /* Preview Assets.xcassets */,
			);
			path = "Preview Content";
			sourceTree = "<group>";
		};
		AB41D7D32882DA340000B853 /* petslistTests */ = {
			isa = PBXGroup;
			children = (
				AB41D7D42882DA340000B853 /* petslistTests.swift */,
			);
			path = petslistTests;
			sourceTree = "<group>";
		};
/* End PBXGroup section */

/* Begin PBXNativeTarget section */
		AB41D7BF2882DA300000B853 /* petslist */ = {
			isa = PBXNativeTarget;
			buildConfigurationList = AB41D7E42882DA340000B853 /* Build configuration list for PBXNativeTarget "petslist" */;
			buildPhases = (
				AB41D7BC2882DA300000B853 /* Sources */,
				AB41D7BD2882DA300000B853 /* Frameworks */,
				AB41D7BE2882DA300000B853 /* Resources */,
			);
			buildRules = (
			);
			dependencies = (
			);
			name = petslist;
			productName = petslist;
			productReference = AB41D7C02882DA300000B853 /* Pets list.app */;
			productType = "com.apple.product-type.application";
		};
		AB41D7CF2882DA340000B853 /* petslistTests */ = {
			isa = PBXNativeTarget;
			buildConfigurationList = AB41D7E72882DA340000B853 /* Build configuration list for PBXNativeTarget "petslistTests" */;
			buildPhases = (
				AB41D7CC2882DA340000B853 /* Sources */,
				AB41D7CD2882DA340000B853 /* Frameworks */,
				AB41D7CE2882DA340000B853 /* Resources */,
			);
			buildRules = (
			);
			dependencies = (
				AB41D7D22882DA340000B853 /* PBXTargetDependency */,
			);
			name = petslistTests;
			productName = petslistTests;
			productReference = AB41D7D02882DA340000B853 /* petslistTests.xctest */;
			productType = "com.apple.product-type.bundle.unit-test";
		};
/* End PBXNativeTarget section */

/* Begin PBXProject section */
		AB41D7B82882DA300000B853 /* Project object */ = {
			isa = PBXProject;
			attributes = {
				BuildIndependentTargetsInParallel = 1;
				LastSwiftUpdateCheck = 1340;
				LastUpgradeCheck = 1340;
				TargetAttributes = {
					AB41D7BF2882DA300000B853 = {
						CreatedOnToolsVersion = 13.4;
					};
					AB41D7CF2882DA340000B853 = {
						CreatedOnToolsVersion = 13.4;
						TestTargetID = AB41D7BF2882DA300000B853;
					};
				};
			};
			buildConfigurationList = AB41D7BB2882DA300000B853 /* Build configuration list for PBXProject "petslist" */;
			compatibilityVersion = "Xcode 13.0";
			developmentRegion = en;
			hasScannedForEncodings = 0;
			knownRegions = (
				en,
				Base,
			);
			mainGroup = AB41D7B72882DA300000B853;
			productRefGroup = AB41D7C12882DA300000B853 /* Products */;
			projectDirPath = "";
			projectRoot = "";
			targets = (
				AB41D7BF2882DA300000B853 /* petslist */,
				AB41D7CF2882DA340000B853 /* petslistTests */,
			);
		};
/* End PBXProject section */

/* Begin PBXResourcesBuildPhase section */
		AB41D7BE2882DA300000B853 /* Resources */ = {
			isa = PBXResourcesBuildPhase;
			buildActionMask = 2147483647;
			files = (
				AB41D7CB2882DA340000B853 /* Preview Assets.xcassets in Resources */,
				AB41D7C82882DA340000B853 /* Assets.xcassets in Resources */,
			);
			runOnlyForDeploymentPostprocessing = 0;
		};
		AB41D7CE2882DA340000B853 /* Resources */ = {
			isa = PBXResourcesBuildPhase;
			buildActionMask = 2147483647;
			files = (
			);
			runOnlyForDeploymentPostprocessing = 0;
		};
/* End PBXResourcesBuildPhase section */

/* Begin PBXSourcesBuildPhase section */
		AB41D7BC2882DA300000B853 /* Sources */ = {
			isa = PBXSourcesBuildPhase;
			buildActionMask = 2147483647;
			files = (
				AB41D7C62882DA300000B853 /* ContentView.swift in Sources */,
				AB41D7C42882DA300000B853 /* petslistApp.swift in Sources */,
			);
			runOnlyForDeploymentPostprocessing = 0;
		};
		AB41D7CC2882DA340000B853 /* Sources */ = {
			isa = PBXSourcesBuildPhase;
			buildActionMask = 2147483647;
			files = (
				AB41D7D52882DA340000B853 /* petslistTests.swift in Sources */,
			);
			runOnlyForDeploymentPostprocessing = 0;
		};
/* End PBXSourcesBuildPhase section */

/* Begin PBXTargetDependency section */
		AB41D7D22882DA340000B853 /* PBXTargetDependency */ = {
			isa = PBXTargetDependency;
			target = AB41D7BF2882DA300000B853 /* petslist */;
			targetProxy = AB41D7D12882DA340000B853 /* PBXContainerItemProxy */;
		};
/* End PBXTargetDependency section */

/* Begin XCBuildConfiguration section */
		AB41D7E22882DA340000B853 /* Debug */ = {
			isa = XCBuildConfiguration;
			buildSettings = {
				ALWAYS_SEARCH_USER_PATHS = NO;
				CLANG_ANALYZER_NONNULL = YES;
				CLANG_ANALYZER_NUMBER_OBJECT_CONVERSION = YES_AGGRESSIVE;
				CLANG_CXX_LANGUAGE_STANDARD = "gnu++17";
				CLANG_ENABLE_MODULES = YES;
				CLANG_ENABLE_OBJC_ARC = YES;
				CLANG_ENABLE_OBJC_WEAK = YES;
				CLANG_WARN_BLOCK_CAPTURE_AUTORELEASING = YES;
				CLANG_WARN_BOOL_CONVERSION = YES;
				CLANG_WARN_COMMA = YES;
				CLANG_WARN_CONSTANT_CONVERSION = YES;
				CLANG_WARN_DEPRECATED_OBJC_IMPLEMENTATIONS = YES;
				CLANG_WARN_DIRECT_OBJC_ISA_USAGE = YES_ERROR;
				CLANG_WARN_DOCUMENTATION_COMMENTS = YES;
				CLANG_WARN_EMPTY_BODY = YES;
				CLANG_WARN_ENUM_CONVERSION = YES;
				CLANG_WARN_INFINITE_RECURSION = YES;
				CLANG_WARN_INT_CONVERSION = YES;
				CLANG_WARN_NON_LITERAL_NULL_CONVERSION = YES;
				CLANG_WARN_OBJC_IMPLICIT_RETAIN_SELF = YES;
				CLANG_WARN_OBJC_LITERAL_CONVERSION = YES;
				CLANG_WARN_OBJC_ROOT_CLASS = YES_ERROR;
				CLANG_WARN_QUOTED_INCLUDE_IN_FRAMEWORK_HEADER = YES;
				CLANG_WARN_RANGE_LOOP_ANALYSIS = YES;
				CLANG_WARN_STRICT_PROTOTYPES = YES;
				CLANG_WARN_SUSPICIOUS_MOVE = YES;
				CLANG_WARN_UNGUARDED_AVAILABILITY = YES_AGGRESSIVE;
				CLANG_WARN_UNREACHABLE_CODE = YES;
				CLANG_WARN__DUPLICATE_METHOD_MATCH = YES;
				COPY_PHASE_STRIP = NO;
				DEBUG_INFORMATION_FORMAT = dwarf;
				ENABLE_STRICT_OBJC_MSGSEND = YES;
				ENABLE_TESTABILITY = YES;
				GCC_C_LANGUAGE_STANDARD = gnu11;
				GCC_DYNAMIC_NO_PIC = NO;
				GCC_NO_COMMON_BLOCKS = YES;
				GCC_OPTIMIZATION_LEVEL = 0;
				GCC_PREPROCESSOR_DEFINITIONS = (
					"DEBUG=1",
					"$(inherited)",
				);
				GCC_WARN_64_TO_32_BIT_CONVERSION = YES;
				GCC_WARN_ABOUT_RETURN_TYPE = YES_ERROR;
				GCC_WARN_UNDECLARED_SELECTOR = YES;
				GCC_WARN_UNINITIALIZED_AUTOS = YES_AGGRESSIVE;
				GCC_WARN_UNUSED_FUNCTION = YES;
				GCC_WARN_UNUSED_VARIABLE = YES;
				IPHONEOS_DEPLOYMENT_TARGET = 15.0;
				MTL_ENABLE_DEBUG_INFO = INCLUDE_SOURCE;
				MTL_FAST_MATH = YES;
				ONLY_ACTIVE_ARCH = YES;
				SDKROOT = iphoneos;
				SWIFT_ACTIVE_COMPILATION_CONDITIONS = DEBUG;
				SWIFT_OPTIMIZATION_LEVEL = "-Onone";
			};
			name = Debug;
		};
		AB41D7E32882DA340000B853 /* Release */ = {
			isa = XCBuildConfiguration;
			buildSettings = {
				ALWAYS_SEARCH_USER_PATHS = NO;
				CLANG_ANALYZER_NONNULL = YES;
				CLANG_ANALYZER_NUMBER_OBJECT_CONVERSION = YES_AGGRESSIVE;
				CLANG_CXX_LANGUAGE_STANDARD = "gnu++17";
				CLANG_ENABLE_MODULES = YES;
				CLANG_ENABLE_OBJC_ARC = YES;
				CLANG_ENABLE_OBJC_WEAK = YES;
				CLANG_WARN_BLOCK_CAPTURE_AUTORELEASING = YES;
				CLANG_WARN_BOOL_CONVERSION = YES;
				CLANG_WARN_COMMA = YES;
				CLANG_WARN_CONSTANT_CONVERSION = YES;
				CLANG_WARN_DEPRECATED_OBJC_IMPLEMENTATIONS = YES;
				CLANG_WARN_DIRECT_OBJC_ISA_USAGE = YES_ERROR;
				CLANG_WARN_DOCUMENTATION_COMMENTS = YES;
				CLANG_WARN_EMPTY_BODY = YES;
				CLANG_WARN_ENUM_CONVERSION = YES;
				CLANG_WARN_INFINITE_RECURSION = YES;
				CLANG_WARN_INT_CONVERSION = YES;
				CLANG_WARN_NON_LITERAL_NULL_CONVERSION = YES;
				CLANG_WARN_OBJC_IMPLICIT_RETAIN_SELF = YES;
				CLANG_WARN_OBJC_LITERAL_CONVERSION = YES;
				CLANG_WARN_OBJC_ROOT_CLASS = YES_ERROR;
				CLANG_WARN_QUOTED_INCLUDE_IN_FRAMEWORK_HEADER = YES;
				CLANG_WARN_RANGE_LOOP_ANALYSIS = YES;
				CLANG_WARN_STRICT_PROTOTYPES = YES;
				CLANG_WARN_SUSPICIOUS_MOVE = YES;
				CLANG_WARN_UNGUARDED_AVAILABILITY = YES_AGGRESSIVE;
				CLANG_WARN_UNREACHABLE_CODE = YES;
				CLANG_WARN__DUPLICATE_METHOD_MATCH = YES;
				COPY_PHASE_STRIP = NO;
				DEBUG_INFORMATION_FORMAT = "dwarf-with-dsym";
				ENABLE_NS_ASSERTIONS = NO;
				ENABLE_STRICT_OBJC_MSGSEND = YES;
				GCC_C_LANGUAGE_STANDARD = gnu11;
				GCC_NO_COMMON_BLOCKS = YES;
				GCC_WARN_64_TO_32_BIT_CONVERSION = YES;
				GCC_WARN_ABOUT_RETURN_TYPE = YES_ERROR;
				GCC_WARN_UNDECLARED_SELECTOR = YES;
				GCC_WARN_UNINITIALIZED_AUTOS = YES_AGGRESSIVE;
				GCC_WARN_UNUSED_FUNCTION = YES;
				GCC_WARN_UNUSED_VARIABLE = YES;
				IPHONEOS_DEPLOYMENT_TARGET = 15.0;
				MTL_ENABLE_DEBUG_INFO = NO;
				MTL_FAST_MATH = YES;
				SDKROOT = iphoneos;
				SWIFT_COMPILATION_MODE = wholemodule;
				SWIFT_OPTIMIZATION_LEVEL = "-O";
				VALIDATE_PRODUCT = YES;
			};
			name = Release;
		};
		AB41D7E52882DA340000B853 /* Debug */ = {
			isa = XCBuildConfiguration;
			buildSettings = {
				ASSETCATALOG_COMPILER_APPICON_NAME = AppIcon;
				ASSETCATALOG_COMPILER_GLOBAL_ACCENT_COLOR_NAME = AccentColor;
				CODE_SIGN_STYLE = Automatic;
				CURRENT_PROJECT_VERSION = 1;
				DEVELOPMENT_ASSET_PATHS = "\"petslist/Preview Content\"";
				ENABLE_PREVIEWS = YES;
				GENERATE_INFOPLIST_FILE = YES;
				INFOPLIST_FILE = petslist/Info.plist;
				INFOPLIST_KEY_UIApplicationSceneManifest_Generation = YES;
				INFOPLIST_KEY_UIApplicationSupportsIndirectInputEvents = YES;
				INFOPLIST_KEY_UISupportedInterfaceOrientations = UIInterfaceOrientationPortrait;
				LD_RUNPATH_SEARCH_PATHS = (
					"$(inherited)",
					"@executable_path/Frameworks",
				);
				MARKETING_VERSION = 1.0;
				PRODUCT_BUNDLE_IDENTIFIER = com.petslist;
				PRODUCT_NAME = "Pets list";
				SWIFT_EMIT_LOC_STRINGS = YES;
				SWIFT_VERSION = 5.0;
				TARGETED_DEVICE_FAMILY = "1,2";
			};
			name = Debug;
		};
		AB41D7E62882DA340000B853 /* Release */ = {
			isa = XCBuildConfiguration;
			buildSettings = {
				ASSETCATALOG_COMPILER_APPICON_NAME = AppIcon;
				ASSETCATALOG_COMPILER_GLOBAL_ACCENT_COLOR_NAME = AccentColor;
				CODE_SIGN_STYLE = Automatic;
				CURRENT_PROJECT_VERSION = 1;
				DEVELOPMENT_ASSET_PATHS = "\"petslist/Preview Content\"";
				ENABLE_PREVIEWS = YES;
				GENERATE_INFOPLIST_FILE = YES;
				INFOPLIST_FILE = petslist/Info.plist;
				INFOPLIST_KEY_UIApplicationSceneManifest_Generation = YES;
				INFOPLIST_KEY_UIApplicationSupportsIndirectInputEvents = YES;
				INFOPLIST_KEY_UISupportedInterfaceOrientations = UIInterfaceOrientationPortrait;
				LD_RUNPATH_SEARCH_PATHS = (
					"$(inherited)",
					"@executable_path/Frameworks",
				);
				MARKETING_VERSION = 1.0;
				PRODUCT_BUNDLE_IDENTIFIER = com.petslist;
				PRODUCT_NAME = "Pets list";
				SWIFT_EMIT_LOC_STRINGS = YES;
				SWIFT_VERSION = 5.0;
				TARGETED_DEVICE_FAMILY = "1,2";
			};
			name = Release;
		};
		AB41D7E82882DA340000B853 /* Debug */ = {
			isa = XCBuildConfiguration;
			buildSettings = {
				ALWAYS_EMBED_SWIFT_STANDARD_LIBRARIES = YES;
				BUNDLE_LOADER = "$(TEST_HOST)";
				CODE_SIGN_STYLE = Automatic;
				CURRENT_PROJECT_VERSION = 1;
				GENERATE_INFOPLIST_FILE = YES;
				IPHONEOS_DEPLOYMENT_TARGET = 15.5;
				MARKETING_VERSION = 1.0;
				PRODUCT_BUNDLE_IDENTIFIER = com.petslistTests;
				PRODUCT_NAME = "$(TARGET_NAME)";
				SWIFT_EMIT_LOC_STRINGS = NO;
				SWIFT_VERSION = 5.0;
				TARGETED_DEVICE_FAMILY = "1,2";
				TEST_HOST = "$(BUILT_PRODUCTS_DIR)/petslist.app/petslist";
			};
			name = Debug;
		};
		AB41D7E92882DA340000B853 /* Release */ = {
			isa = XCBuildConfiguration;
			buildSettings = {
				ALWAYS_EMBED_SWIFT_STANDARD_LIBRARIES = YES;
				BUNDLE_LOADER = "$(TEST_HOST)";
				CODE_SIGN_STYLE = Automatic;
				CURRENT_PROJECT_VERSION = 1;
				GENERATE_INFOPLIST_FILE = YES;
				IPHONEOS_DEPLOYMENT_TARGET = 15.5;
				MARKETING_VERSION = 1.0;
				PRODUCT_BUNDLE_IDENTIFIER = com.petslistTests;
				PRODUCT_NAME = "$(TARGET_NAME)";
				SWIFT_EMIT_LOC_STRINGS = NO;
				SWIFT_VERSION = 5.0;
				TARGETED_DEVICE_FAMILY = "1,2";
				TEST_HOST = "$(BUILT_PRODUCTS_DIR)/petslist.app/petslist";
			};
			name = Release;
		};
/* End XCBuildConfiguration section */

/* Begin XCConfigurationList section */
		AB41D7BB2882DA300000B853 /* Build configuration list for PBXProject "petslist" */ = {
			isa = XCConfigurationList;
			buildConfigurations = (
				AB41D7E22882DA340000B853 /* Debug */,
				AB41D7E32882DA340000B853 /* Release */,
			);
			defaultConfigurationIsVisible = 0;
			defaultConfigurationName = Release;
		};
		AB41D7E42882DA340000B853 /* Build configuration list for PBXNativeTarget "petslist" */ = {
			isa = XCConfigurationList;
			buildConfigurations = (
				AB41D7E52882DA340000B853 /* Debug */,
				AB41D7E62882DA340000B853 /* Release */,
			);
			defaultConfigurationIsVisible = 0;
			defaultConfigurationName = Release;
		};
		AB41D7E72882DA340000B853 /* Build configuration list for PBXNativeTarget "petslistTests" */ = {
			isa = XCConfigurationList;
			buildConfigurations = (
				AB41D7E82882DA340000B853 /* Debug */,
				AB41D7E92882DA340000B853 /* Release */,
			);
			defaultConfigurationIsVisible = 0;
			defaultConfigurationName = Release;
		};
/* End XCConfigurationList section */
	};
	rootObject = AB41D7B82882DA300000B853 /* Project object */;
}
